
Microsoft Visual Studio Solution File, Format Version 12.00
# Visual Studio Version 17
VisualStudioVersion = 17.5.33502.453
MinimumVisualStudioVersion = 10.0.40219.1
Project("{888888A0-9F3D-457C-B088-3A5042F75D52}") = "Python_for_library", "Python_for_library\Python_for_library.pyproj", "{F47FB87C-C3CA-4990-862F-8E48B0CD16EB}"
EndProject
Global
	GlobalSection(SolutionConfigurationPlatforms) = preSolution
		Debug|Any CPU = Debug|Any CPU
		Release|Any CPU = Release|Any CPU
	EndGlobalSection
	GlobalSection(ProjectConfigurationPlatforms) = postSolution
		{F47FB87C-C3CA-4990-862F-8E48B0CD16EB}.Debug|Any CPU.ActiveCfg = Debug|Any CPU
		{F47FB87C-C3CA-4990-862F-8E48B0CD16EB}.Debug|Any CPU.Build.0 = Debug|Any CPU
		{F47FB87C-C3CA-4990-862F-8E48B0CD16EB}.Release|Any CPU.ActiveCfg = Release|Any CPU
		{F47FB87C-C3CA-4990-862F-8E48B0CD16EB}.Release|Any CPU.Build.0 = Release|Any CPU
	EndGlobalSection
	GlobalSection(SolutionProperties) = preSolution
		HideSolutionNode = FALSE
	EndGlobalSection
	GlobalSection(ExtensibilityGlobals) = postSolution
		SolutionGuid = {EE6878E1-2746-4A73-BA27-5303C1EA0179}
	EndGlobalSection
EndGlobal
